Microsoft Visual Studio Solution File, Format Version 12.00
# Visual Studio Version 17
VisualStudioVersion = 17.5.2.0
MinimumVisualStudioVersion = 10.0.40219.1
Project("{FAE04EC0-301F-11D3-BF4B-00C04F79EFBC}") = "PizzariaApi", "PizzariaApi.csproj", "{CA23CA9C-BA22-496B-23D9-41141C32EAF3}"
EndProject
Global
	GlobalSection(SolutionConfigurationPlatforms) = preSolution
		Debug|Any CPU = Debug|Any CPU
		Release|Any CPU = Release|Any CPU
	EndGlobalSection
	GlobalSection(ProjectConfigurationPlatforms) = postSolution
		{CA23CA9C-BA22-496B-23D9-41141C32EAF3}.Debug|Any CPU.ActiveCfg = Debug|Any CPU
		{CA23CA9C-BA22-496B-23D9-41141C32EAF3}.Debug|Any CPU.Build.0 = Debug|Any CPU
		{CA23CA9C-BA22-496B-23D9-41141C32EAF3}.Release|Any CPU.ActiveCfg = Release|Any CPU
		{CA23CA9C-BA22-496B-23D9-41141C32EAF3}.Release|Any CPU.Build.0 = Release|Any CPU
	EndGlobalSection
	GlobalSection(SolutionProperties) = preSolution
		HideSolutionNode = FALSE
	EndGlobalSection
	GlobalSection(ExtensibilityGlobals) = postSolution
		SolutionGuid = {0B8064D9-8925-444E-BDF4-5CEDAA2A6C78}
	EndGlobalSection
EndGlobal
